
Microsoft Visual Studio Solution File, Format Version 12.00
# Visual Studio Version 17
VisualStudioVersion = 17.13.35825.156 d17.13
MinimumVisualStudioVersion = 10.0.40219.1
Project("{FAE04EC0-301F-11D3-BF4B-00C04F79EFBC}") = "Mypaddocks", "Mypaddocks\Mypaddocks.csproj", "{827922BB-89D6-4E4E-AE0D-A7E648B2319D}"
EndProject
Global
	GlobalSection(SolutionConfigurationPlatforms) = preSolution
		Debug|Any CPU = Debug|Any CPU
		Release|Any CPU = Release|Any CPU
	EndGlobalSection
	GlobalSection(ProjectConfigurationPlatforms) = postSolution
		{827922BB-89D6-4E4E-AE0D-A7E648B2319D}.Debug|Any CPU.ActiveCfg = Debug|Any CPU
		{827922BB-89D6-4E4E-AE0D-A7E648B2319D}.Debug|Any CPU.Build.0 = Debug|Any CPU
		{827922BB-89D6-4E4E-AE0D-A7E648B2319D}.Release|Any CPU.ActiveCfg = Release|Any CPU
		{827922BB-89D6-4E4E-AE0D-A7E648B2319D}.Release|Any CPU.Build.0 = Release|Any CPU
	EndGlobalSection
	GlobalSection(SolutionProperties) = preSolution
		HideSolutionNode = FALSE
	EndGlobalSection
	GlobalSection(ExtensibilityGlobals) = postSolution
		SolutionGuid = {901C24D6-20A6-44C2-AB92-346A28F83663}
	EndGlobalSection
EndGlobal
